
Microsoft Visual Studio Solution File, Format Version 12.00
# Visual Studio Version 17
VisualStudioVersion = 17.2.32505.173
MinimumVisualStudioVersion = 10.0.40219.1
Project("{FAE04EC0-301F-11D3-BF4B-00C04F79EFBC}") = "Rational Numbers", "Rational Numbers\Rational Numbers.csproj", "{18C1E6EA-2DF8-4574-9CC3-00962F20091C}"
EndProject
Project("{2150E333-8FDC-42A3-9474-1A3956D46DE8}") = "Solution Items", "Solution Items", "{8FAD1ACA-AA7E-4A55-81C2-38C40D6700A7}"
	ProjectSection(SolutionItems) = preProject
		Instructions.txt = Instructions.txt
	EndProjectSection
EndProject
Global
	GlobalSection(SolutionConfigurationPlatforms) = preSolution
		Debug|Any CPU = Debug|Any CPU
		Release|Any CPU = Release|Any CPU
	EndGlobalSection
	GlobalSection(ProjectConfigurationPlatforms) = postSolution
		{18C1E6EA-2DF8-4574-9CC3-00962F20091C}.Debug|Any CPU.ActiveCfg = Debug|Any CPU
		{18C1E6EA-2DF8-4574-9CC3-00962F20091C}.Debug|Any CPU.Build.0 = Debug|Any CPU
		{18C1E6EA-2DF8-4574-9CC3-00962F20091C}.Release|Any CPU.ActiveCfg = Release|Any CPU
		{18C1E6EA-2DF8-4574-9CC3-00962F20091C}.Release|Any CPU.Build.0 = Release|Any CPU
	EndGlobalSection
	GlobalSection(SolutionProperties) = preSolution
		HideSolutionNode = FALSE
	EndGlobalSection
	GlobalSection(ExtensibilityGlobals) = postSolution
		SolutionGuid = {5FEB916E-BE3B-4E1C-BF4E-F0EAD2A2F0A1}
	EndGlobalSection
EndGlobal
